
Microsoft Visual Studio Solution File, Format Version 12.00
# Visual Studio 15
VisualStudioVersion = 15.0.27130.0
MinimumVisualStudioVersion = 10.0.40219.1
Project("{888888A0-9F3D-457C-B088-3A5042F75D52}") = "s3_to_rds", "s3_to_rds.pyproj", "{EF1264AB-B280-4738-B058-70C95270C035}"
EndProject
Global
	GlobalSection(SolutionConfigurationPlatforms) = preSolution
		Debug|Any CPU = Debug|Any CPU
		Release|Any CPU = Release|Any CPU
	EndGlobalSection
	GlobalSection(ProjectConfigurationPlatforms) = postSolution
		{EF1264AB-B280-4738-B058-70C95270C035}.Debug|Any CPU.ActiveCfg = Debug|Any CPU
		{EF1264AB-B280-4738-B058-70C95270C035}.Release|Any CPU.ActiveCfg = Release|Any CPU
	EndGlobalSection
	GlobalSection(SolutionProperties) = preSolution
		HideSolutionNode = FALSE
	EndGlobalSection
	GlobalSection(ExtensibilityGlobals) = postSolution
		SolutionGuid = {4DB22BDA-B341-40E3-BD6E-1C19059E664A}
	EndGlobalSection
EndGlobal
